
Microsoft Visual Studio Solution File, Format Version 12.00
# Visual Studio Version 17
VisualStudioVersion = 17.0.31903.59
MinimumVisualStudioVersion = 10.0.40219.1
Project("{FAE04EC0-301F-11D3-BF4B-00C04F79EFBC}") = "Rig.Wpf.Core", "Rig.Wpf.Core\Rig.Wpf.Core.csproj", "{879D86FB-2F95-4D34-AED7-B65AB029D7EA}"
EndProject
Project("{FAE04EC0-301F-11D3-BF4B-00C04F79EFBC}") = "Rig.Wpf.Core.Tests", "Rig.Wpf.Core.Tests\Rig.Wpf.Core.Tests.csproj", "{58C168C0-D5E8-4B56-8A30-EA90C4C7C769}"
EndProject
Project("{FAE04EC0-301F-11D3-BF4B-00C04F79EFBC}") = "Rig.Wpf.IntegrationTests", "Rig.Wpf.IntegrationTests\Rig.Wpf.IntegrationTests.csproj", "{95D0FCEF-927D-43E6-B6E0-F677F17D0BA8}"
EndProject
Project("{FAE04EC0-301F-11D3-BF4B-00C04F79EFBC}") = "Rig.Wpf.LegacyBridge", "Rig.Wpf.LegacyBridge\Rig.Wpf.LegacyBridge.csproj", "{4A9B0D26-FD73-40A3-8F8E-83AD2A7AE3BB}"
EndProject
Project("{FAE04EC0-301F-11D3-BF4B-00C04F79EFBC}") = "Rig.Wpf.LegacyHost", "Rig.Wpf.LegacyHost\Rig.Wpf.LegacyHost.csproj", "{575418BF-4150-49DE-BF77-E7E08CFF13DE}"
EndProject
Project("{FAE04EC0-301F-11D3-BF4B-00C04F79EFBC}") = "Rig.Wpf.LegacyHost.Tests", "Rig.Wpf.LegacyHost.Tests\Rig.Wpf.LegacyHost.Tests.csproj", "{58074370-67C7-47F4-934B-1BACD1CF64FE}"
EndProject
Project("{FAE04EC0-301F-11D3-BF4B-00C04F79EFBC}") = "Rig.Wpf.Mvvm", "Rig.Wpf.Mvvm\Rig.Wpf.Mvvm.csproj", "{DC2A420E-C5E7-4224-B0DE-4E6A42E40524}"
EndProject
Project("{FAE04EC0-301F-11D3-BF4B-00C04F79EFBC}") = "Rig.Wpf.Mvvm.Tests", "Rig.Wpf.Mvvm.Tests\Rig.Wpf.Mvvm.Tests.csproj", "{289B900D-2F97-46DA-88B3-7B314F87B34C}"
EndProject
Project("{FAE04EC0-301F-11D3-BF4B-00C04F79EFBC}") = "Rig.Wpf.Processus.TESTNLH", "Rig.Wpf.Processus.TESTNLH\Rig.Wpf.Processus.TESTNLH.csproj", "{3C27112A-4FE6-4D3F-8A65-5C2B8F8AFC48}"
EndProject
Project("{FAE04EC0-301F-11D3-BF4B-00C04F79EFBC}") = "Rig.Wpf.Processus.TESTNLH.Tests", "Rig.Wpf.Processus.TESTNLH.Tests\Rig.Wpf.Processus.TESTNLH.Tests.csproj", "{49D16707-7518-43F4-AF22-C4A8690E713E}"
EndProject
Project("{FAE04EC0-301F-11D3-BF4B-00C04F79EFBC}") = "Rig.Wpf.RigMetier", "Rig.Wpf.RigMetier\Rig.Wpf.RigMetier.csproj", "{22EE0286-11F4-45D8-B711-0235C3BF3264}"
EndProject
Project("{FAE04EC0-301F-11D3-BF4B-00C04F79EFBC}") = "Rig.Wpf.RigMetier.Legacy", "Rig.Wpf.RigMetier.Legacy\Rig.Wpf.RigMetier.Legacy.csproj", "{88426EB9-D3B5-45CE-ADFA-E69E7BC6E358}"
EndProject
Project("{FAE04EC0-301F-11D3-BF4B-00C04F79EFBC}") = "Rig.Wpf.RigMetier.Legacy.Tests", "Rig.Wpf.RigMetier.Legacy.Tests\Rig.Wpf.RigMetier.Legacy.Tests.csproj", "{CAD3A8FB-0A72-4E44-8D9F-114082E9DC18}"
EndProject
Project("{FAE04EC0-301F-11D3-BF4B-00C04F79EFBC}") = "Rig.Wpf.RigMetier.Sql", "Rig.Wpf.RigMetier.Sql\Rig.Wpf.RigMetier.Sql.csproj", "{C290603A-EA50-493E-B1C5-CD2091BB1081}"
EndProject
Project("{FAE04EC0-301F-11D3-BF4B-00C04F79EFBC}") = "Rig.Wpf.RigMetier.Tests", "Rig.Wpf.RigMetier.Tests\Rig.Wpf.RigMetier.Tests.csproj", "{D2F24939-502F-4DA5-BB9E-842847CC7CB4}"
EndProject
Project("{FAE04EC0-301F-11D3-BF4B-00C04F79EFBC}") = "Rig.Wpf.Shell", "Rig.Wpf.Shell\Rig.Wpf.Shell.csproj", "{52F7C4EF-A9C8-4D1E-BC54-027E6AC2FE8D}"
EndProject
Project("{FAE04EC0-301F-11D3-BF4B-00C04F79EFBC}") = "Rig.Wpf.Shell.Tests", "Rig.Wpf.Shell.Tests\Rig.Wpf.Shell.Tests.csproj", "{E34FE895-97D4-41DB-A682-05FC79DEF170}"
EndProject
Project("{FAE04EC0-301F-11D3-BF4B-00C04F79EFBC}") = "Rig.Wpf.TestHelpers", "Rig.Wpf.TestHelpers\Rig.Wpf.TestHelpers.csproj", "{B2D61467-2E36-44AC-8617-F4748DC44D51}"
EndProject
Project("{FAE04EC0-301F-11D3-BF4B-00C04F79EFBC}") = "Rig.Wpf.UiTests", "Rig.Wpf.UiTests\Rig.Wpf.UiTests.csproj", "{6D625B7C-8B51-47A3-B8D9-830D4B5ADA0C}"
EndProject
Project("{FAE04EC0-301F-11D3-BF4B-00C04F79EFBC}") = "Rig.Wpf.Processus.MANDATAIRE", "Rig.Wpf.Processus.MANDATAIRE\Rig.Wpf.Processus.MANDATAIRE.csproj", "{B9090688-1206-4296-9C0C-1A62138B9589}"
EndProject
Project("{FAE04EC0-301F-11D3-BF4B-00C04F79EFBC}") = "Rig.Wpf.Processus.MANDATAIRE.Tests", "Rig.Wpf.Processus.MANDATAIRE.Tests\Rig.Wpf.Processus.MANDATAIRE.Tests.csproj", "{56B74A45-5FB8-4645-B0D1-45F120E5853B}"
EndProject
Project("{FAE04EC0-301F-11D3-BF4B-00C04F79EFBC}") = "Rig.Wpf.Processus.IPE", "Rig.Wpf.Processus.IPE\Rig.Wpf.Processus.IPE.csproj", "{8D5F008F-B1B9-4A30-BD1B-BF2FD1C3DAC3}"
EndProject
Project("{FAE04EC0-301F-11D3-BF4B-00C04F79EFBC}") = "Rig.Wpf.Processus.IPE.Tests", "Rig.Wpf.Processus.IPE.Tests\Rig.Wpf.Processus.IPE.Tests.csproj", "{90C135A5-18E5-4097-9ED8-6E85E68B6619}"
EndProject
Project("{FAE04EC0-301F-11D3-BF4B-00C04F79EFBC}") = "Rig.Wpf.Processus.KBIS", "Rig.Wpf.Processus.KBIS\Rig.Wpf.Processus.KBIS.csproj", "{2F340963-5F56-47B7-A9D5-6A3BBAC9D09D}"
EndProject
Project("{FAE04EC0-301F-11D3-BF4B-00C04F79EFBC}") = "Rig.Wpf.Processus.KBIS.Tests", "Rig.Wpf.Processus.KBIS.Tests\Rig.Wpf.Processus.KBIS.Tests.csproj", "{7831A7E8-1D46-41E6-99D2-A3FFE56D59AD}"
EndProject
Project("{FAE04EC0-301F-11D3-BF4B-00C04F79EFBC}") = "Rig.Wpf.Kbis.SmokeRunner", "Rig.Wpf.Kbis.SmokeRunner\Rig.Wpf.Kbis.SmokeRunner.csproj", "{73782DE6-D19B-4FFA-B9E5-154CB88E6916}"
EndProject
Global
	GlobalSection(SolutionConfigurationPlatforms) = preSolution
		Debug|Any CPU = Debug|Any CPU
		Debug|x64 = Debug|x64
		Debug|x86 = Debug|x86
		Release|Any CPU = Release|Any CPU
		Release|x64 = Release|x64
		Release|x86 = Release|x86
	EndGlobalSection
	GlobalSection(ProjectConfigurationPlatforms) = postSolution
		{879D86FB-2F95-4D34-AED7-B65AB029D7EA}.Debug|Any CPU.ActiveCfg = Debug|Any CPU
		{879D86FB-2F95-4D34-AED7-B65AB029D7EA}.Debug|Any CPU.Build.0 = Debug|Any CPU
		{879D86FB-2F95-4D34-AED7-B65AB029D7EA}.Debug|x64.ActiveCfg = Debug|Any CPU
		{879D86FB-2F95-4D34-AED7-B65AB029D7EA}.Debug|x64.Build.0 = Debug|Any CPU
		{879D86FB-2F95-4D34-AED7-B65AB029D7EA}.Debug|x86.ActiveCfg = Debug|Any CPU
		{879D86FB-2F95-4D34-AED7-B65AB029D7EA}.Debug|x86.Build.0 = Debug|Any CPU
		{879D86FB-2F95-4D34-AED7-B65AB029D7EA}.Release|Any CPU.ActiveCfg = Release|Any CPU
		{879D86FB-2F95-4D34-AED7-B65AB029D7EA}.Release|Any CPU.Build.0 = Release|Any CPU
		{879D86FB-2F95-4D34-AED7-B65AB029D7EA}.Release|x64.ActiveCfg = Release|Any CPU
		{879D86FB-2F95-4D34-AED7-B65AB029D7EA}.Release|x64.Build.0 = Release|Any CPU
		{879D86FB-2F95-4D34-AED7-B65AB029D7EA}.Release|x86.ActiveCfg = Release|Any CPU
		{879D86FB-2F95-4D34-AED7-B65AB029D7EA}.Release|x86.Build.0 = Release|Any CPU
		{58C168C0-D5E8-4B56-8A30-EA90C4C7C769}.Debug|Any CPU.ActiveCfg = Debug|Any CPU
		{58C168C0-D5E8-4B56-8A30-EA90C4C7C769}.Debug|Any CPU.Build.0 = Debug|Any CPU
		{58C168C0-D5E8-4B56-8A30-EA90C4C7C769}.Debug|x64.ActiveCfg = Debug|Any CPU
		{58C168C0-D5E8-4B56-8A30-EA90C4C7C769}.Debug|x64.Build.0 = Debug|Any CPU
		{58C168C0-D5E8-4B56-8A30-EA90C4C7C769}.Debug|x86.ActiveCfg = Debug|Any CPU
		{58C168C0-D5E8-4B56-8A30-EA90C4C7C769}.Debug|x86.Build.0 = Debug|Any CPU
		{58C168C0-D5E8-4B56-8A30-EA90C4C7C769}.Release|Any CPU.ActiveCfg = Release|Any CPU
		{58C168C0-D5E8-4B56-8A30-EA90C4C7C769}.Release|Any CPU.Build.0 = Release|Any CPU
		{58C168C0-D5E8-4B56-8A30-EA90C4C7C769}.Release|x64.ActiveCfg = Release|Any CPU
		{58C168C0-D5E8-4B56-8A30-EA90C4C7C769}.Release|x64.Build.0 = Release|Any CPU
		{58C168C0-D5E8-4B56-8A30-EA90C4C7C769}.Release|x86.ActiveCfg = Release|Any CPU
		{58C168C0-D5E8-4B56-8A30-EA90C4C7C769}.Release|x86.Build.0 = Release|Any CPU
		{95D0FCEF-927D-43E6-B6E0-F677F17D0BA8}.Debug|Any CPU.ActiveCfg = Debug|Any CPU
		{95D0FCEF-927D-43E6-B6E0-F677F17D0BA8}.Debug|Any CPU.Build.0 = Debug|Any CPU
		{95D0FCEF-927D-43E6-B6E0-F677F17D0BA8}.Debug|x64.ActiveCfg = Debug|Any CPU
		{95D0FCEF-927D-43E6-B6E0-F677F17D0BA8}.Debug|x64.Build.0 = Debug|Any CPU
		{95D0FCEF-927D-43E6-B6E0-F677F17D0BA8}.Debug|x86.ActiveCfg = Debug|Any CPU
		{95D0FCEF-927D-43E6-B6E0-F677F17D0BA8}.Debug|x86.Build.0 = Debug|Any CPU
		{95D0FCEF-927D-43E6-B6E0-F677F17D0BA8}.Release|Any CPU.ActiveCfg = Release|Any CPU
		{95D0FCEF-927D-43E6-B6E0-F677F17D0BA8}.Release|Any CPU.Build.0 = Release|Any CPU
		{95D0FCEF-927D-43E6-B6E0-F677F17D0BA8}.Release|x64.ActiveCfg = Release|Any CPU
		{95D0FCEF-927D-43E6-B6E0-F677F17D0BA8}.Release|x64.Build.0 = Release|Any CPU
		{95D0FCEF-927D-43E6-B6E0-F677F17D0BA8}.Release|x86.ActiveCfg = Release|Any CPU
		{95D0FCEF-927D-43E6-B6E0-F677F17D0BA8}.Release|x86.Build.0 = Release|Any CPU
		{4A9B0D26-FD73-40A3-8F8E-83AD2A7AE3BB}.Debug|Any CPU.ActiveCfg = Debug|Any CPU
		{4A9B0D26-FD73-40A3-8F8E-83AD2A7AE3BB}.Debug|Any CPU.Build.0 = Debug|Any CPU
		{4A9B0D26-FD73-40A3-8F8E-83AD2A7AE3BB}.Debug|x64.ActiveCfg = Debug|Any CPU
		{4A9B0D26-FD73-40A3-8F8E-83AD2A7AE3BB}.Debug|x64.Build.0 = Debug|Any CPU
		{4A9B0D26-FD73-40A3-8F8E-83AD2A7AE3BB}.Debug|x86.ActiveCfg = Debug|Any CPU
		{4A9B0D26-FD73-40A3-8F8E-83AD2A7AE3BB}.Debug|x86.Build.0 = Debug|Any CPU
		{4A9B0D26-FD73-40A3-8F8E-83AD2A7AE3BB}.Release|Any CPU.ActiveCfg = Release|Any CPU
		{4A9B0D26-FD73-40A3-8F8E-83AD2A7AE3BB}.Release|Any CPU.Build.0 = Release|Any CPU
		{4A9B0D26-FD73-40A3-8F8E-83AD2A7AE3BB}.Release|x64.ActiveCfg = Release|Any CPU
		{4A9B0D26-FD73-40A3-8F8E-83AD2A7AE3BB}.Release|x64.Build.0 = Release|Any CPU
		{4A9B0D26-FD73-40A3-8F8E-83AD2A7AE3BB}.Release|x86.ActiveCfg = Release|Any CPU
		{4A9B0D26-FD73-40A3-8F8E-83AD2A7AE3BB}.Release|x86.Build.0 = Release|Any CPU
		{575418BF-4150-49DE-BF77-E7E08CFF13DE}.Debug|Any CPU.ActiveCfg = Debug|Any CPU
		{575418BF-4150-49DE-BF77-E7E08CFF13DE}.Debug|Any CPU.Build.0 = Debug|Any CPU
		{575418BF-4150-49DE-BF77-E7E08CFF13DE}.Debug|x64.ActiveCfg = Debug|Any CPU
		{575418BF-4150-49DE-BF77-E7E08CFF13DE}.Debug|x64.Build.0 = Debug|Any CPU
		{575418BF-4150-49DE-BF77-E7E08CFF13DE}.Debug|x86.ActiveCfg = Debug|Any CPU
		{575418BF-4150-49DE-BF77-E7E08CFF13DE}.Debug|x86.Build.0 = Debug|Any CPU
		{575418BF-4150-49DE-BF77-E7E08CFF13DE}.Release|Any CPU.ActiveCfg = Release|Any CPU
		{575418BF-4150-49DE-BF77-E7E08CFF13DE}.Release|Any CPU.Build.0 = Release|Any CPU
		{575418BF-4150-49DE-BF77-E7E08CFF13DE}.Release|x64.ActiveCfg = Release|Any CPU
		{575418BF-4150-49DE-BF77-E7E08CFF13DE}.Release|x64.Build.0 = Release|Any CPU
		{575418BF-4150-49DE-BF77-E7E08CFF13DE}.Release|x86.ActiveCfg = Release|Any CPU
		{575418BF-4150-49DE-BF77-E7E08CFF13DE}.Release|x86.Build.0 = Release|Any CPU
		{58074370-67C7-47F4-934B-1BACD1CF64FE}.Debug|Any CPU.ActiveCfg = Debug|Any CPU
		{58074370-67C7-47F4-934B-1BACD1CF64FE}.Debug|Any CPU.Build.0 = Debug|Any CPU
		{58074370-67C7-47F4-934B-1BACD1CF64FE}.Debug|x64.ActiveCfg = Debug|Any CPU
		{58074370-67C7-47F4-934B-1BACD1CF64FE}.Debug|x64.Build.0 = Debug|Any CPU
		{58074370-67C7-47F4-934B-1BACD1CF64FE}.Debug|x86.ActiveCfg = Debug|Any CPU
		{58074370-67C7-47F4-934B-1BACD1CF64FE}.Debug|x86.Build.0 = Debug|Any CPU
		{58074370-67C7-47F4-934B-1BACD1CF64FE}.Release|Any CPU.ActiveCfg = Release|Any CPU
		{58074370-67C7-47F4-934B-1BACD1CF64FE}.Release|Any CPU.Build.0 = Release|Any CPU
		{58074370-67C7-47F4-934B-1BACD1CF64FE}.Release|x64.ActiveCfg = Release|Any CPU
		{58074370-67C7-47F4-934B-1BACD1CF64FE}.Release|x64.Build.0 = Release|Any CPU
		{58074370-67C7-47F4-934B-1BACD1CF64FE}.Release|x86.ActiveCfg = Release|Any CPU
		{58074370-67C7-47F4-934B-1BACD1CF64FE}.Release|x86.Build.0 = Release|Any CPU
		{DC2A420E-C5E7-4224-B0DE-4E6A42E40524}.Debug|Any CPU.ActiveCfg = Debug|Any CPU
		{DC2A420E-C5E7-4224-B0DE-4E6A42E40524}.Debug|Any CPU.Build.0 = Debug|Any CPU
		{DC2A420E-C5E7-4224-B0DE-4E6A42E40524}.Debug|x64.ActiveCfg = Debug|Any CPU
		{DC2A420E-C5E7-4224-B0DE-4E6A42E40524}.Debug|x64.Build.0 = Debug|Any CPU
		{DC2A420E-C5E7-4224-B0DE-4E6A42E40524}.Debug|x86.ActiveCfg = Debug|Any CPU
		{DC2A420E-C5E7-4224-B0DE-4E6A42E40524}.Debug|x86.Build.0 = Debug|Any CPU
		{DC2A420E-C5E7-4224-B0DE-4E6A42E40524}.Release|Any CPU.ActiveCfg = Release|Any CPU
		{DC2A420E-C5E7-4224-B0DE-4E6A42E40524}.Release|Any CPU.Build.0 = Release|Any CPU
		{DC2A420E-C5E7-4224-B0DE-4E6A42E40524}.Release|x64.ActiveCfg = Release|Any CPU
		{DC2A420E-C5E7-4224-B0DE-4E6A42E40524}.Release|x64.Build.0 = Release|Any CPU
		{DC2A420E-C5E7-4224-B0DE-4E6A42E40524}.Release|x86.ActiveCfg = Release|Any CPU
		{DC2A420E-C5E7-4224-B0DE-4E6A42E40524}.Release|x86.Build.0 = Release|Any CPU
		{289B900D-2F97-46DA-88B3-7B314F87B34C}.Debug|Any CPU.ActiveCfg = Debug|Any CPU
		{289B900D-2F97-46DA-88B3-7B314F87B34C}.Debug|Any CPU.Build.0 = Debug|Any CPU
		{289B900D-2F97-46DA-88B3-7B314F87B34C}.Debug|x64.ActiveCfg = Debug|Any CPU
		{289B900D-2F97-46DA-88B3-7B314F87B34C}.Debug|x64.Build.0 = Debug|Any CPU
		{289B900D-2F97-46DA-88B3-7B314F87B34C}.Debug|x86.ActiveCfg = Debug|Any CPU
		{289B900D-2F97-46DA-88B3-7B314F87B34C}.Debug|x86.Build.0 = Debug|Any CPU
		{289B900D-2F97-46DA-88B3-7B314F87B34C}.Release|Any CPU.ActiveCfg = Release|Any CPU
		{289B900D-2F97-46DA-88B3-7B314F87B34C}.Release|Any CPU.Build.0 = Release|Any CPU
		{289B900D-2F97-46DA-88B3-7B314F87B34C}.Release|x64.ActiveCfg = Release|Any CPU
		{289B900D-2F97-46DA-88B3-7B314F87B34C}.Release|x64.Build.0 = Release|Any CPU
		{289B900D-2F97-46DA-88B3-7B314F87B34C}.Release|x86.ActiveCfg = Release|Any CPU
		{289B900D-2F97-46DA-88B3-7B314F87B34C}.Release|x86.Build.0 = Release|Any CPU
		{3C27112A-4FE6-4D3F-8A65-5C2B8F8AFC48}.Debug|Any CPU.ActiveCfg = Debug|Any CPU
		{3C27112A-4FE6-4D3F-8A65-5C2B8F8AFC48}.Debug|Any CPU.Build.0 = Debug|Any CPU
		{3C27112A-4FE6-4D3F-8A65-5C2B8F8AFC48}.Debug|x64.ActiveCfg = Debug|Any CPU
		{3C27112A-4FE6-4D3F-8A65-5C2B8F8AFC48}.Debug|x64.Build.0 = Debug|Any CPU
		{3C27112A-4FE6-4D3F-8A65-5C2B8F8AFC48}.Debug|x86.ActiveCfg = Debug|Any CPU
		{3C27112A-4FE6-4D3F-8A65-5C2B8F8AFC48}.Debug|x86.Build.0 = Debug|Any CPU
		{3C27112A-4FE6-4D3F-8A65-5C2B8F8AFC48}.Release|Any CPU.ActiveCfg = Release|Any CPU
		{3C27112A-4FE6-4D3F-8A65-5C2B8F8AFC48}.Release|Any CPU.Build.0 = Release|Any CPU
		{3C27112A-4FE6-4D3F-8A65-5C2B8F8AFC48}.Release|x64.ActiveCfg = Release|Any CPU
		{3C27112A-4FE6-4D3F-8A65-5C2B8F8AFC48}.Release|x64.Build.0 = Release|Any CPU
		{3C27112A-4FE6-4D3F-8A65-5C2B8F8AFC48}.Release|x86.ActiveCfg = Release|Any CPU
		{3C27112A-4FE6-4D3F-8A65-5C2B8F8AFC48}.Release|x86.Build.0 = Release|Any CPU
		{49D16707-7518-43F4-AF22-C4A8690E713E}.Debug|Any CPU.ActiveCfg = Debug|Any CPU
		{49D16707-7518-43F4-AF22-C4A8690E713E}.Debug|Any CPU.Build.0 = Debug|Any CPU
		{49D16707-7518-43F4-AF22-C4A8690E713E}.Debug|x64.ActiveCfg = Debug|Any CPU
		{49D16707-7518-43F4-AF22-C4A8690E713E}.Debug|x64.Build.0 = Debug|Any CPU
		{49D16707-7518-43F4-AF22-C4A8690E713E}.Debug|x86.ActiveCfg = Debug|Any CPU
		{49D16707-7518-43F4-AF22-C4A8690E713E}.Debug|x86.Build.0 = Debug|Any CPU
		{49D16707-7518-43F4-AF22-C4A8690E713E}.Release|Any CPU.ActiveCfg = Release|Any CPU
		{49D16707-7518-43F4-AF22-C4A8690E713E}.Release|Any CPU.Build.0 = Release|Any CPU
		{49D16707-7518-43F4-AF22-C4A8690E713E}.Release|x64.ActiveCfg = Release|Any CPU
		{49D16707-7518-43F4-AF22-C4A8690E713E}.Release|x64.Build.0 = Release|Any CPU
		{49D16707-7518-43F4-AF22-C4A8690E713E}.Release|x86.ActiveCfg = Release|Any CPU
		{49D16707-7518-43F4-AF22-C4A8690E713E}.Release|x86.Build.0 = Release|Any CPU
		{22EE0286-11F4-45D8-B711-0235C3BF3264}.Debug|Any CPU.ActiveCfg = Debug|Any CPU
		{22EE0286-11F4-45D8-B711-0235C3BF3264}.Debug|Any CPU.Build.0 = Debug|Any CPU
		{22EE0286-11F4-45D8-B711-0235C3BF3264}.Debug|x64.ActiveCfg = Debug|Any CPU
		{22EE0286-11F4-45D8-B711-0235C3BF3264}.Debug|x64.Build.0 = Debug|Any CPU
		{22EE0286-11F4-45D8-B711-0235C3BF3264}.Debug|x86.ActiveCfg = Debug|Any CPU
		{22EE0286-11F4-45D8-B711-0235C3BF3264}.Debug|x86.Build.0 = Debug|Any CPU
		{22EE0286-11F4-45D8-B711-0235C3BF3264}.Release|Any CPU.ActiveCfg = Release|Any CPU
		{22EE0286-11F4-45D8-B711-0235C3BF3264}.Release|Any CPU.Build.0 = Release|Any CPU
		{22EE0286-11F4-45D8-B711-0235C3BF3264}.Release|x64.ActiveCfg = Release|Any CPU
		{22EE0286-11F4-45D8-B711-0235C3BF3264}.Release|x64.Build.0 = Release|Any CPU
		{22EE0286-11F4-45D8-B711-0235C3BF3264}.Release|x86.ActiveCfg = Release|Any CPU
		{22EE0286-11F4-45D8-B711-0235C3BF3264}.Release|x86.Build.0 = Release|Any CPU
		{88426EB9-D3B5-45CE-ADFA-E69E7BC6E358}.Debug|Any CPU.ActiveCfg = Debug|Any CPU
		{88426EB9-D3B5-45CE-ADFA-E69E7BC6E358}.Debug|Any CPU.Build.0 = Debug|Any CPU
		{88426EB9-D3B5-45CE-ADFA-E69E7BC6E358}.Debug|x64.ActiveCfg = Debug|Any CPU
		{88426EB9-D3B5-45CE-ADFA-E69E7BC6E358}.Debug|x64.Build.0 = Debug|Any CPU
		{88426EB9-D3B5-45CE-ADFA-E69E7BC6E358}.Debug|x86.ActiveCfg = Debug|Any CPU
		{88426EB9-D3B5-45CE-ADFA-E69E7BC6E358}.Debug|x86.Build.0 = Debug|Any CPU
		{88426EB9-D3B5-45CE-ADFA-E69E7BC6E358}.Release|Any CPU.ActiveCfg = Release|Any CPU
		{88426EB9-D3B5-45CE-ADFA-E69E7BC6E358}.Release|Any CPU.Build.0 = Release|Any CPU
		{88426EB9-D3B5-45CE-ADFA-E69E7BC6E358}.Release|x64.ActiveCfg = Release|Any CPU
		{88426EB9-D3B5-45CE-ADFA-E69E7BC6E358}.Release|x64.Build.0 = Release|Any CPU
		{88426EB9-D3B5-45CE-ADFA-E69E7BC6E358}.Release|x86.ActiveCfg = Release|Any CPU
		{88426EB9-D3B5-45CE-ADFA-E69E7BC6E358}.Release|x86.Build.0 = Release|Any CPU
		{CAD3A8FB-0A72-4E44-8D9F-114082E9DC18}.Debug|Any CPU.ActiveCfg = Debug|Any CPU
		{CAD3A8FB-0A72-4E44-8D9F-114082E9DC18}.Debug|Any CPU.Build.0 = Debug|Any CPU
		{CAD3A8FB-0A72-4E44-8D9F-114082E9DC18}.Debug|x64.ActiveCfg = Debug|Any CPU
		{CAD3A8FB-0A72-4E44-8D9F-114082E9DC18}.Debug|x64.Build.0 = Debug|Any CPU
		{CAD3A8FB-0A72-4E44-8D9F-114082E9DC18}.Debug|x86.ActiveCfg = Debug|Any CPU
		{CAD3A8FB-0A72-4E44-8D9F-114082E9DC18}.Debug|x86.Build.0 = Debug|Any CPU
		{CAD3A8FB-0A72-4E44-8D9F-114082E9DC18}.Release|Any CPU.ActiveCfg = Release|Any CPU
		{CAD3A8FB-0A72-4E44-8D9F-114082E9DC18}.Release|Any CPU.Build.0 = Release|Any CPU
		{CAD3A8FB-0A72-4E44-8D9F-114082E9DC18}.Release|x64.ActiveCfg = Release|Any CPU
		{CAD3A8FB-0A72-4E44-8D9F-114082E9DC18}.Release|x64.Build.0 = Release|Any CPU
		{CAD3A8FB-0A72-4E44-8D9F-114082E9DC18}.Release|x86.ActiveCfg = Release|Any CPU
		{CAD3A8FB-0A72-4E44-8D9F-114082E9DC18}.Release|x86.Build.0 = Release|Any CPU
		{C290603A-EA50-493E-B1C5-CD2091BB1081}.Debug|Any CPU.ActiveCfg = Debug|Any CPU
		{C290603A-EA50-493E-B1C5-CD2091BB1081}.Debug|Any CPU.Build.0 = Debug|Any CPU
		{C290603A-EA50-493E-B1C5-CD2091BB1081}.Debug|x64.ActiveCfg = Debug|Any CPU
		{C290603A-EA50-493E-B1C5-CD2091BB1081}.Debug|x64.Build.0 = Debug|Any CPU
		{C290603A-EA50-493E-B1C5-CD2091BB1081}.Debug|x86.ActiveCfg = Debug|Any CPU
		{C290603A-EA50-493E-B1C5-CD2091BB1081}.Debug|x86.Build.0 = Debug|Any CPU
		{C290603A-EA50-493E-B1C5-CD2091BB1081}.Release|Any CPU.ActiveCfg = Release|Any CPU
		{C290603A-EA50-493E-B1C5-CD2091BB1081}.Release|Any CPU.Build.0 = Release|Any CPU
		{C290603A-EA50-493E-B1C5-CD2091BB1081}.Release|x64.ActiveCfg = Release|Any CPU
		{C290603A-EA50-493E-B1C5-CD2091BB1081}.Release|x64.Build.0 = Release|Any CPU
		{C290603A-EA50-493E-B1C5-CD2091BB1081}.Release|x86.ActiveCfg = Release|Any CPU
		{C290603A-EA50-493E-B1C5-CD2091BB1081}.Release|x86.Build.0 = Release|Any CPU
		{D2F24939-502F-4DA5-BB9E-842847CC7CB4}.Debug|Any CPU.ActiveCfg = Debug|Any CPU
		{D2F24939-502F-4DA5-BB9E-842847CC7CB4}.Debug|Any CPU.Build.0 = Debug|Any CPU
		{D2F24939-502F-4DA5-BB9E-842847CC7CB4}.Debug|x64.ActiveCfg = Debug|Any CPU
		{D2F24939-502F-4DA5-BB9E-842847CC7CB4}.Debug|x64.Build.0 = Debug|Any CPU
		{D2F24939-502F-4DA5-BB9E-842847CC7CB4}.Debug|x86.ActiveCfg = Debug|Any CPU
		{D2F24939-502F-4DA5-BB9E-842847CC7CB4}.Debug|x86.Build.0 = Debug|Any CPU
		{D2F24939-502F-4DA5-BB9E-842847CC7CB4}.Release|Any CPU.ActiveCfg = Release|Any CPU
		{D2F24939-502F-4DA5-BB9E-842847CC7CB4}.Release|Any CPU.Build.0 = Release|Any CPU
		{D2F24939-502F-4DA5-BB9E-842847CC7CB4}.Release|x64.ActiveCfg = Release|Any CPU
		{D2F24939-502F-4DA5-BB9E-842847CC7CB4}.Release|x64.Build.0 = Release|Any CPU
		{D2F24939-502F-4DA5-BB9E-842847CC7CB4}.Release|x86.ActiveCfg = Release|Any CPU
		{D2F24939-502F-4DA5-BB9E-842847CC7CB4}.Release|x86.Build.0 = Release|Any CPU
		{52F7C4EF-A9C8-4D1E-BC54-027E6AC2FE8D}.Debug|Any CPU.ActiveCfg = Debug|Any CPU
		{52F7C4EF-A9C8-4D1E-BC54-027E6AC2FE8D}.Debug|Any CPU.Build.0 = Debug|Any CPU
		{52F7C4EF-A9C8-4D1E-BC54-027E6AC2FE8D}.Debug|x64.ActiveCfg = Debug|Any CPU
		{52F7C4EF-A9C8-4D1E-BC54-027E6AC2FE8D}.Debug|x64.Build.0 = Debug|Any CPU
		{52F7C4EF-A9C8-4D1E-BC54-027E6AC2FE8D}.Debug|x86.ActiveCfg = Debug|Any CPU
		{52F7C4EF-A9C8-4D1E-BC54-027E6AC2FE8D}.Debug|x86.Build.0 = Debug|Any CPU
		{52F7C4EF-A9C8-4D1E-BC54-027E6AC2FE8D}.Release|Any CPU.ActiveCfg = Release|Any CPU
		{52F7C4EF-A9C8-4D1E-BC54-027E6AC2FE8D}.Release|Any CPU.Build.0 = Release|Any CPU
		{52F7C4EF-A9C8-4D1E-BC54-027E6AC2FE8D}.Release|x64.ActiveCfg = Release|Any CPU
		{52F7C4EF-A9C8-4D1E-BC54-027E6AC2FE8D}.Release|x64.Build.0 = Release|Any CPU
		{52F7C4EF-A9C8-4D1E-BC54-027E6AC2FE8D}.Release|x86.ActiveCfg = Release|Any CPU
		{52F7C4EF-A9C8-4D1E-BC54-027E6AC2FE8D}.Release|x86.Build.0 = Release|Any CPU
		{E34FE895-97D4-41DB-A682-05FC79DEF170}.Debug|Any CPU.ActiveCfg = Debug|Any CPU
		{E34FE895-97D4-41DB-A682-05FC79DEF170}.Debug|Any CPU.Build.0 = Debug|Any CPU
		{E34FE895-97D4-41DB-A682-05FC79DEF170}.Debug|x64.ActiveCfg = Debug|Any CPU
		{E34FE895-97D4-41DB-A682-05FC79DEF170}.Debug|x64.Build.0 = Debug|Any CPU
		{E34FE895-97D4-41DB-A682-05FC79DEF170}.Debug|x86.ActiveCfg = Debug|Any CPU
		{E34FE895-97D4-41DB-A682-05FC79DEF170}.Debug|x86.Build.0 = Debug|Any CPU
		{E34FE895-97D4-41DB-A682-05FC79DEF170}.Release|Any CPU.ActiveCfg = Release|Any CPU
		{E34FE895-97D4-41DB-A682-05FC79DEF170}.Release|Any CPU.Build.0 = Release|Any CPU
		{E34FE895-97D4-41DB-A682-05FC79DEF170}.Release|x64.ActiveCfg = Release|Any CPU
		{E34FE895-97D4-41DB-A682-05FC79DEF170}.Release|x64.Build.0 = Release|Any CPU
		{E34FE895-97D4-41DB-A682-05FC79DEF170}.Release|x86.ActiveCfg = Release|Any CPU
		{E34FE895-97D4-41DB-A682-05FC79DEF170}.Release|x86.Build.0 = Release|Any CPU
		{B2D61467-2E36-44AC-8617-F4748DC44D51}.Debug|Any CPU.ActiveCfg = Debug|Any CPU
		{B2D61467-2E36-44AC-8617-F4748DC44D51}.Debug|Any CPU.Build.0 = Debug|Any CPU
		{B2D61467-2E36-44AC-8617-F4748DC44D51}.Debug|x64.ActiveCfg = Debug|Any CPU
		{B2D61467-2E36-44AC-8617-F4748DC44D51}.Debug|x64.Build.0 = Debug|Any CPU
		{B2D61467-2E36-44AC-8617-F4748DC44D51}.Debug|x86.ActiveCfg = Debug|Any CPU
		{B2D61467-2E36-44AC-8617-F4748DC44D51}.Debug|x86.Build.0 = Debug|Any CPU
		{B2D61467-2E36-44AC-8617-F4748DC44D51}.Release|Any CPU.ActiveCfg = Release|Any CPU
		{B2D61467-2E36-44AC-8617-F4748DC44D51}.Release|Any CPU.Build.0 = Release|Any CPU
		{B2D61467-2E36-44AC-8617-F4748DC44D51}.Release|x64.ActiveCfg = Release|Any CPU
		{B2D61467-2E36-44AC-8617-F4748DC44D51}.Release|x64.Build.0 = Release|Any CPU
		{B2D61467-2E36-44AC-8617-F4748DC44D51}.Release|x86.ActiveCfg = Release|Any CPU
		{B2D61467-2E36-44AC-8617-F4748DC44D51}.Release|x86.Build.0 = Release|Any CPU
		{6D625B7C-8B51-47A3-B8D9-830D4B5ADA0C}.Debug|Any CPU.ActiveCfg = Debug|Any CPU
		{6D625B7C-8B51-47A3-B8D9-830D4B5ADA0C}.Debug|Any CPU.Build.0 = Debug|Any CPU
		{6D625B7C-8B51-47A3-B8D9-830D4B5ADA0C}.Debug|x64.ActiveCfg = Debug|Any CPU
		{6D625B7C-8B51-47A3-B8D9-830D4B5ADA0C}.Debug|x64.Build.0 = Debug|Any CPU
		{6D625B7C-8B51-47A3-B8D9-830D4B5ADA0C}.Debug|x86.ActiveCfg = Debug|Any CPU
		{6D625B7C-8B51-47A3-B8D9-830D4B5ADA0C}.Debug|x86.Build.0 = Debug|Any CPU
		{6D625B7C-8B51-47A3-B8D9-830D4B5ADA0C}.Release|Any CPU.ActiveCfg = Release|Any CPU
		{6D625B7C-8B51-47A3-B8D9-830D4B5ADA0C}.Release|Any CPU.Build.0 = Release|Any CPU
		{6D625B7C-8B51-47A3-B8D9-830D4B5ADA0C}.Release|x64.ActiveCfg = Release|Any CPU
		{6D625B7C-8B51-47A3-B8D9-830D4B5ADA0C}.Release|x64.Build.0 = Release|Any CPU
		{6D625B7C-8B51-47A3-B8D9-830D4B5ADA0C}.Release|x86.ActiveCfg = Release|Any CPU
		{6D625B7C-8B51-47A3-B8D9-830D4B5ADA0C}.Release|x86.Build.0 = Release|Any CPU
		{B9090688-1206-4296-9C0C-1A62138B9589}.Debug|Any CPU.ActiveCfg = Debug|Any CPU
		{B9090688-1206-4296-9C0C-1A62138B9589}.Debug|Any CPU.Build.0 = Debug|Any CPU
		{B9090688-1206-4296-9C0C-1A62138B9589}.Debug|x64.ActiveCfg = Debug|Any CPU
		{B9090688-1206-4296-9C0C-1A62138B9589}.Debug|x64.Build.0 = Debug|Any CPU
		{B9090688-1206-4296-9C0C-1A62138B9589}.Debug|x86.ActiveCfg = Debug|Any CPU
		{B9090688-1206-4296-9C0C-1A62138B9589}.Debug|x86.Build.0 = Debug|Any CPU
		{B9090688-1206-4296-9C0C-1A62138B9589}.Release|Any CPU.ActiveCfg = Release|Any CPU
		{B9090688-1206-4296-9C0C-1A62138B9589}.Release|Any CPU.Build.0 = Release|Any CPU
		{B9090688-1206-4296-9C0C-1A62138B9589}.Release|x64.ActiveCfg = Release|Any CPU
		{B9090688-1206-4296-9C0C-1A62138B9589}.Release|x64.Build.0 = Release|Any CPU
		{B9090688-1206-4296-9C0C-1A62138B9589}.Release|x86.ActiveCfg = Release|Any CPU
		{B9090688-1206-4296-9C0C-1A62138B9589}.Release|x86.Build.0 = Release|Any CPU
		{56B74A45-5FB8-4645-B0D1-45F120E5853B}.Debug|Any CPU.ActiveCfg = Debug|Any CPU
		{56B74A45-5FB8-4645-B0D1-45F120E5853B}.Debug|Any CPU.Build.0 = Debug|Any CPU
		{56B74A45-5FB8-4645-B0D1-45F120E5853B}.Debug|x64.ActiveCfg = Debug|Any CPU
		{56B74A45-5FB8-4645-B0D1-45F120E5853B}.Debug|x64.Build.0 = Debug|Any CPU
		{56B74A45-5FB8-4645-B0D1-45F120E5853B}.Debug|x86.ActiveCfg = Debug|Any CPU
		{56B74A45-5FB8-4645-B0D1-45F120E5853B}.Debug|x86.Build.0 = Debug|Any CPU
		{56B74A45-5FB8-4645-B0D1-45F120E5853B}.Release|Any CPU.ActiveCfg = Release|Any CPU
		{56B74A45-5FB8-4645-B0D1-45F120E5853B}.Release|Any CPU.Build.0 = Release|Any CPU
		{56B74A45-5FB8-4645-B0D1-45F120E5853B}.Release|x64.ActiveCfg = Release|Any CPU
		{56B74A45-5FB8-4645-B0D1-45F120E5853B}.Release|x64.Build.0 = Release|Any CPU
		{56B74A45-5FB8-4645-B0D1-45F120E5853B}.Release|x86.ActiveCfg = Release|Any CPU
		{56B74A45-5FB8-4645-B0D1-45F120E5853B}.Release|x86.Build.0 = Release|Any CPU
		{8D5F008F-B1B9-4A30-BD1B-BF2FD1C3DAC3}.Debug|Any CPU.ActiveCfg = Debug|Any CPU
		{8D5F008F-B1B9-4A30-BD1B-BF2FD1C3DAC3}.Debug|Any CPU.Build.0 = Debug|Any CPU
		{8D5F008F-B1B9-4A30-BD1B-BF2FD1C3DAC3}.Debug|x64.ActiveCfg = Debug|Any CPU
		{8D5F008F-B1B9-4A30-BD1B-BF2FD1C3DAC3}.Debug|x64.Build.0 = Debug|Any CPU
		{8D5F008F-B1B9-4A30-BD1B-BF2FD1C3DAC3}.Debug|x86.ActiveCfg = Debug|Any CPU
		{8D5F008F-B1B9-4A30-BD1B-BF2FD1C3DAC3}.Debug|x86.Build.0 = Debug|Any CPU
		{8D5F008F-B1B9-4A30-BD1B-BF2FD1C3DAC3}.Release|Any CPU.ActiveCfg = Release|Any CPU
		{8D5F008F-B1B9-4A30-BD1B-BF2FD1C3DAC3}.Release|Any CPU.Build.0 = Release|Any CPU
		{8D5F008F-B1B9-4A30-BD1B-BF2FD1C3DAC3}.Release|x64.ActiveCfg = Release|Any CPU
		{8D5F008F-B1B9-4A30-BD1B-BF2FD1C3DAC3}.Release|x64.Build.0 = Release|Any CPU
		{8D5F008F-B1B9-4A30-BD1B-BF2FD1C3DAC3}.Release|x86.ActiveCfg = Release|Any CPU
		{8D5F008F-B1B9-4A30-BD1B-BF2FD1C3DAC3}.Release|x86.Build.0 = Release|Any CPU
		{90C135A5-18E5-4097-9ED8-6E85E68B6619}.Debug|Any CPU.ActiveCfg = Debug|Any CPU
		{90C135A5-18E5-4097-9ED8-6E85E68B6619}.Debug|Any CPU.Build.0 = Debug|Any CPU
		{90C135A5-18E5-4097-9ED8-6E85E68B6619}.Debug|x64.ActiveCfg = Debug|Any CPU
		{90C135A5-18E5-4097-9ED8-6E85E68B6619}.Debug|x64.Build.0 = Debug|Any CPU
		{90C135A5-18E5-4097-9ED8-6E85E68B6619}.Debug|x86.ActiveCfg = Debug|Any CPU
		{90C135A5-18E5-4097-9ED8-6E85E68B6619}.Debug|x86.Build.0 = Debug|Any CPU
		{90C135A5-18E5-4097-9ED8-6E85E68B6619}.Release|Any CPU.ActiveCfg = Release|Any CPU
		{90C135A5-18E5-4097-9ED8-6E85E68B6619}.Release|Any CPU.Build.0 = Release|Any CPU
		{90C135A5-18E5-4097-9ED8-6E85E68B6619}.Release|x64.ActiveCfg = Release|Any CPU
		{90C135A5-18E5-4097-9ED8-6E85E68B6619}.Release|x64.Build.0 = Release|Any CPU
		{90C135A5-18E5-4097-9ED8-6E85E68B6619}.Release|x86.ActiveCfg = Release|Any CPU
		{90C135A5-18E5-4097-9ED8-6E85E68B6619}.Release|x86.Build.0 = Release|Any CPU
		{2F340963-5F56-47B7-A9D5-6A3BBAC9D09D}.Debug|Any CPU.ActiveCfg = Debug|Any CPU
		{2F340963-5F56-47B7-A9D5-6A3BBAC9D09D}.Debug|Any CPU.Build.0 = Debug|Any CPU
		{2F340963-5F56-47B7-A9D5-6A3BBAC9D09D}.Debug|x64.ActiveCfg = Debug|Any CPU
		{2F340963-5F56-47B7-A9D5-6A3BBAC9D09D}.Debug|x64.Build.0 = Debug|Any CPU
		{2F340963-5F56-47B7-A9D5-6A3BBAC9D09D}.Debug|x86.ActiveCfg = Debug|Any CPU
		{2F340963-5F56-47B7-A9D5-6A3BBAC9D09D}.Debug|x86.Build.0 = Debug|Any CPU
		{2F340963-5F56-47B7-A9D5-6A3BBAC9D09D}.Release|Any CPU.ActiveCfg = Release|Any CPU
		{2F340963-5F56-47B7-A9D5-6A3BBAC9D09D}.Release|Any CPU.Build.0 = Release|Any CPU
		{2F340963-5F56-47B7-A9D5-6A3BBAC9D09D}.Release|x64.ActiveCfg = Release|Any CPU
		{2F340963-5F56-47B7-A9D5-6A3BBAC9D09D}.Release|x64.Build.0 = Release|Any CPU
		{2F340963-5F56-47B7-A9D5-6A3BBAC9D09D}.Release|x86.ActiveCfg = Release|Any CPU
		{2F340963-5F56-47B7-A9D5-6A3BBAC9D09D}.Release|x86.Build.0 = Release|Any CPU
		{7831A7E8-1D46-41E6-99D2-A3FFE56D59AD}.Debug|Any CPU.ActiveCfg = Debug|Any CPU
		{7831A7E8-1D46-41E6-99D2-A3FFE56D59AD}.Debug|Any CPU.Build.0 = Debug|Any CPU
		{7831A7E8-1D46-41E6-99D2-A3FFE56D59AD}.Debug|x64.ActiveCfg = Debug|Any CPU
		{7831A7E8-1D46-41E6-99D2-A3FFE56D59AD}.Debug|x64.Build.0 = Debug|Any CPU
		{7831A7E8-1D46-41E6-99D2-A3FFE56D59AD}.Debug|x86.ActiveCfg = Debug|Any CPU
		{7831A7E8-1D46-41E6-99D2-A3FFE56D59AD}.Debug|x86.Build.0 = Debug|Any CPU
		{7831A7E8-1D46-41E6-99D2-A3FFE56D59AD}.Release|Any CPU.ActiveCfg = Release|Any CPU
		{7831A7E8-1D46-41E6-99D2-A3FFE56D59AD}.Release|Any CPU.Build.0 = Release|Any CPU
		{7831A7E8-1D46-41E6-99D2-A3FFE56D59AD}.Release|x64.ActiveCfg = Release|Any CPU
		{7831A7E8-1D46-41E6-99D2-A3FFE56D59AD}.Release|x64.Build.0 = Release|Any CPU
		{7831A7E8-1D46-41E6-99D2-A3FFE56D59AD}.Release|x86.ActiveCfg = Release|Any CPU
		{7831A7E8-1D46-41E6-99D2-A3FFE56D59AD}.Release|x86.Build.0 = Release|Any CPU
		{73782DE6-D19B-4FFA-B9E5-154CB88E6916}.Debug|Any CPU.ActiveCfg = Debug|Any CPU
		{73782DE6-D19B-4FFA-B9E5-154CB88E6916}.Debug|Any CPU.Build.0 = Debug|Any CPU
		{73782DE6-D19B-4FFA-B9E5-154CB88E6916}.Debug|x64.ActiveCfg = Debug|Any CPU
		{73782DE6-D19B-4FFA-B9E5-154CB88E6916}.Debug|x64.Build.0 = Debug|Any CPU
		{73782DE6-D19B-4FFA-B9E5-154CB88E6916}.Debug|x86.ActiveCfg = Debug|Any CPU
		{73782DE6-D19B-4FFA-B9E5-154CB88E6916}.Debug|x86.Build.0 = Debug|Any CPU
		{73782DE6-D19B-4FFA-B9E5-154CB88E6916}.Release|Any CPU.ActiveCfg = Release|Any CPU
		{73782DE6-D19B-4FFA-B9E5-154CB88E6916}.Release|Any CPU.Build.0 = Release|Any CPU
		{73782DE6-D19B-4FFA-B9E5-154CB88E6916}.Release|x64.ActiveCfg = Release|Any CPU
		{73782DE6-D19B-4FFA-B9E5-154CB88E6916}.Release|x64.Build.0 = Release|Any CPU
		{73782DE6-D19B-4FFA-B9E5-154CB88E6916}.Release|x86.ActiveCfg = Release|Any CPU
		{73782DE6-D19B-4FFA-B9E5-154CB88E6916}.Release|x86.Build.0 = Release|Any CPU
	EndGlobalSection
	GlobalSection(SolutionProperties) = preSolution
		HideSolutionNode = FALSE
	EndGlobalSection
EndGlobal
